# THIS IS AN AUTOGENERATED FILE. DO NOT EDIT THIS FILE DIRECTLY.
# yarn lockfile v1


cookie@^1.0.1:
  version "1.0.2"
  resolved "https://registry.yarnpkg.com/cookie/-/cookie-1.0.2.tgz#27360701532116bd3f1f9416929d176afe1e4610"
  integrity sha512-9Kr/j4O16ISv8zBBhJoi4bXOYNTkFLOqSL3UDB0njXxCXNezjeyVrJyGOWtgfs/q2km1gwBcfH8q1yEGoMYunA==

cross-env@^7.0.3:
  version "7.0.3"
  resolved "https://registry.yarnpkg.com/cross-env/-/cross-env-7.0.3.tgz#865264b29677dc015ba8418918965dd232fc54cf"
  integrity sha512-+/HKd6EgcQCJGh2PSjZuUitQBQynKor4wrFbRg4DtAgS1aWO+gU52xpH7M9ScGgXSYmAVS9bIJ8EzuaGw0oNAw==
  dependencies:
    cross-spawn "^7.0.1"

cross-spawn@^7.0.1:
  version "7.0.6"
  resolved "https://registry.yarnpkg.com/cross-spawn/-/cross-spawn-7.0.6.tgz#8a58fe78f00dcd70c370451759dfbfaf03e8ee9f"
  integrity sha512-uV2QOWP2nWzsy2aMp8aRibhi9dlzF5Hgh5SHaB9OiTGEyDTiJJyx0uy51QXdyWbtAHNua4XJzUKca3OzKUd3vA==
  dependencies:
    path-key "^3.1.0"
    shebang-command "^2.0.0"
    which "^2.0.1"

isexe@^2.0.0:
  version "2.0.0"
  resolved "https://registry.yarnpkg.com/isexe/-/isexe-2.0.0.tgz#e8fbf374dc556ff8947a10dcb0572d633f2cfa10"
  integrity sha512-RHxMLp9lnKHGHRng9QFhRCMbYAcVpn69smSGcq3f36xjgVVWThj4qqLbTLlq7Ssj8B+fIQ1EuCEGI2lKsyQeIw==

path-key@^3.1.0:
  version "3.1.1"
  resolved "https://registry.yarnpkg.com/path-key/-/path-key-3.1.1.tgz#581f6ade658cbba65a0d3380de7753295054f375"
  integrity sha512-ojmeN0qd+y0jszEtoY48r0Peq5dwMEkIlCOu6Q5f41lfkswXuKtYrhgoTpLnyIcHm24Uhqx+5Tqm2InSwLhE6Q==

react-router-dom@^7.5.2:
  version "7.5.2"
  resolved "https://registry.yarnpkg.com/react-router-dom/-/react-router-dom-7.5.2.tgz#fb00e4ac7e1fcc6cb9861458d3ddb2d1b074ca79"
  integrity sha512-yk1XW8Fj7gK7flpYBXF3yzd2NbX6P7Kxjvs2b5nu1M04rb5pg/Zc4fGdBNTeT4eDYL2bvzWNyKaIMJX/RKHTTg==
  dependencies:
    react-router "7.5.2"

react-router@7.5.2:
  version "7.5.2"
  resolved "https://registry.yarnpkg.com/react-router/-/react-router-7.5.2.tgz#889137b9ce91dadc06eb40997f57f08199845973"
  integrity sha512-9Rw8r199klMnlGZ8VAsV/I8WrIF6IyJ90JQUdboupx1cdkgYqwnrYjH+I/nY/7cA1X5zia4mDJqH36npP7sxGQ==
  dependencies:
    cookie "^1.0.1"
    set-cookie-parser "^2.6.0"
    turbo-stream "2.4.0"

set-cookie-parser@^2.6.0:
  version "2.7.1"
  resolved "https://registry.yarnpkg.com/set-cookie-parser/-/set-cookie-parser-2.7.1.tgz#3016f150072202dfbe90fadee053573cc89d2943"
  integrity sha512-IOc8uWeOZgnb3ptbCURJWNjWUPcO3ZnTTdzsurqERrP6nPyv+paC55vJM0LpOlT2ne+Ix+9+CRG1MNLlyZ4GjQ==

shebang-command@^2.0.0:
  version "2.0.0"
  resolved "https://registry.yarnpkg.com/shebang-command/-/shebang-command-2.0.0.tgz#ccd0af4f8835fbdc265b82461aaf0c36663f34ea"
  integrity sha512-kHxr2zZpYtdmrN1qDjrrX/Z1rR1kG8Dx+gkpK1G4eXmvXswmcE1hTWBWYUzlraYw1/yZp6YuDY77YtvbN0dmDA==
  dependencies:
    shebang-regex "^3.0.0"

shebang-regex@^3.0.0:
  version "3.0.0"
  resolved "https://registry.yarnpkg.com/shebang-regex/-/shebang-regex-3.0.0.tgz#ae16f1644d873ecad843b0307b143362d4c42172"
  integrity sha512-7++dFhtcx3353uBaq8DDR4NuxBetBzC7ZQOhmTQInHEd6bSrXdiEyzCvG07Z44UYdLShWUyXt5M/yhz8ekcb1A==

turbo-stream@2.4.0:
  version "2.4.0"
  resolved "https://registry.yarnpkg.com/turbo-stream/-/turbo-stream-2.4.0.tgz#1e4fca6725e90fa14ac4adb782f2d3759a5695f0"
  integrity sha512-FHncC10WpBd2eOmGwpmQsWLDoK4cqsA/UT/GqNoaKOQnT8uzhtCbg3EoUDMvqpOSAI0S26mr0rkjzbOO6S3v1g==

which@^2.0.1:
  version "2.0.2"
  resolved "https://registry.yarnpkg.com/which/-/which-2.0.2.tgz#7c6a8dd0a636a0327e10b59c9286eee93f3f51b1"
  integrity sha512-BLI3Tl1TW3Pvl70l3yq3Y64i+awpwXqsGBYWkkqMtnbXgrMD+yj7rhW0kuEDxzJaYXGjEW5ogapKNMEKNMjibA==
  dependencies:
    isexe "^2.0.0"
